
Microsoft Visual Studio Solution File, Format Version 12.00
# Visual Studio Version 17
VisualStudioVersion = 17.14.36915.13 d17.14
MinimumVisualStudioVersion = 10.0.40219.1
Project("{FAE04EC0-301F-11D3-BF4B-00C04F79EFBC}") = "StudentManager", "StudentManager\StudentManager.csproj", "{975432EE-195F-4287-A7DE-FBDC4B570433}"
EndProject
Project("{FAE04EC0-301F-11D3-BF4B-00C04F79EFBC}") = "WPFUI", "..\..\03.02.2026_\CMDemo\WPFUI\WPFUI.csproj", "{CEA24045-75C1-A5BC-AE78-7F9D4A857F20}"
EndProject
Global
	GlobalSection(SolutionConfigurationPlatforms) = preSolution
		Debug|Any CPU = Debug|Any CPU
		Release|Any CPU = Release|Any CPU
	EndGlobalSection
	GlobalSection(ProjectConfigurationPlatforms) = postSolution
		{975432EE-195F-4287-A7DE-FBDC4B570433}.Debug|Any CPU.ActiveCfg = Debug|Any CPU
		{975432EE-195F-4287-A7DE-FBDC4B570433}.Debug|Any CPU.Build.0 = Debug|Any CPU
		{975432EE-195F-4287-A7DE-FBDC4B570433}.Release|Any CPU.ActiveCfg = Release|Any CPU
		{975432EE-195F-4287-A7DE-FBDC4B570433}.Release|Any CPU.Build.0 = Release|Any CPU
		{CEA24045-75C1-A5BC-AE78-7F9D4A857F20}.Debug|Any CPU.ActiveCfg = Debug|Any CPU
		{CEA24045-75C1-A5BC-AE78-7F9D4A857F20}.Debug|Any CPU.Build.0 = Debug|Any CPU
		{CEA24045-75C1-A5BC-AE78-7F9D4A857F20}.Release|Any CPU.ActiveCfg = Release|Any CPU
		{CEA24045-75C1-A5BC-AE78-7F9D4A857F20}.Release|Any CPU.Build.0 = Release|Any CPU
	EndGlobalSection
	GlobalSection(SolutionProperties) = preSolution
		HideSolutionNode = FALSE
	EndGlobalSection
	GlobalSection(ExtensibilityGlobals) = postSolution
		SolutionGuid = {E30BDA6A-8C7E-4F92-A5FD-080B166CB58B}
	EndGlobalSection
EndGlobal
